
Microsoft Visual Studio Solution File, Format Version 12.00
# Visual Studio Version 17
VisualStudioVersion = 17.0.32002.185
MinimumVisualStudioVersion = 10.0.40219.1
Project("{2150E333-8FDC-42A3-9474-1A3956D46DE8}") = "Services", "Services", "{6B16256D-2000-403E-B443-DD82CEA32BD3}"
EndProject
Project("{2150E333-8FDC-42A3-9474-1A3956D46DE8}") = "Catalog", "Catalog", "{00127179-6A4B-4C1C-BEF5-89ECEB7B6F60}"
EndProject
Project("{9A19103F-16F7-4668-BE54-9A1E7A4F7556}") = "Catalog.API", "Services\Catalog\Catalog.API\Catalog.API.csproj", "{4E66E91A-6905-4EF1-9481-17EE8798A429}"
EndProject
Project("{E53339B2-1760-4266-BCC7-CA923CBCF16C}") = "docker-compose", "docker-compose.dcproj", "{0F109068-FBDA-44D0-B8FD-1238D2DE3476}"
EndProject
Project("{2150E333-8FDC-42A3-9474-1A3956D46DE8}") = "Basket", "Basket", "{F3DD609A-C80E-4E56-B4DA-E11D5443A7F2}"
EndProject
Project("{9A19103F-16F7-4668-BE54-9A1E7A4F7556}") = "Basket.API", "Services\Basket\Basket.API\Basket.API.csproj", "{CB7601A8-74FF-4D1D-9B2D-28E47F3C5E8D}"
EndProject
Project("{2150E333-8FDC-42A3-9474-1A3956D46DE8}") = "Discount", "Discount", "{59AE924E-813B-4FD5-AB2B-D2F711A2126F}"
EndProject
Project("{9A19103F-16F7-4668-BE54-9A1E7A4F7556}") = "Discount.API", "Services\Discount\Discount.API\Discount.API\Discount.API.csproj", "{00DC1FFB-9683-47FC-9E56-C9ACF9D2AF55}"
EndProject
Project("{9A19103F-16F7-4668-BE54-9A1E7A4F7556}") = "Discount.Grpc", "Services\Discount\Discount.Grpc\Discount.Grpc\Discount.Grpc.csproj", "{935B43F9-CFE5-4356-AB77-23BEF89BEBE8}"
EndProject
Project("{2150E333-8FDC-42A3-9474-1A3956D46DE8}") = "Solution Items", "Solution Items", "{05584A89-AB69-4234-B143-647259660E03}"
	ProjectSection(SolutionItems) = preProject
		.editorconfig = .editorconfig
	EndProjectSection
EndProject
Project("{2150E333-8FDC-42A3-9474-1A3956D46DE8}") = "Ordering", "Ordering", "{8A97F2BF-E647-45DE-A44E-83805A0CF7B0}"
EndProject
Project("{9A19103F-16F7-4668-BE54-9A1E7A4F7556}") = "Ordering.API", "Services\Ordering\Ordering.API\Ordering.API.csproj", "{621CC05F-909A-4BBC-A5B0-E15338BA84AE}"
EndProject
Project("{9A19103F-16F7-4668-BE54-9A1E7A4F7556}") = "Ordering.Domain", "Services\Ordering\Ordering.Domain\Ordering.Domain.csproj", "{8A977E33-00E5-4075-8CDC-CE7916D416CE}"
EndProject
Project("{9A19103F-16F7-4668-BE54-9A1E7A4F7556}") = "Ordering.Application", "Services\Ordering\Ordering.Application\Ordering.Application.csproj", "{CED5729B-F23E-447E-8DE4-DC8BF05803C0}"
EndProject
Project("{9A19103F-16F7-4668-BE54-9A1E7A4F7556}") = "Ordering.Infrastructure", "Services\Ordering\Ordering.Infrastructure\Ordering.Infrastructure\Ordering.Infrastructure.csproj", "{FE7FD4A2-1C9B-4738-B7C6-1B9EC3D1C14D}"
EndProject
Project("{2150E333-8FDC-42A3-9474-1A3956D46DE8}") = "BuildingBlocks", "BuildingBlocks", "{61C4E1A5-33B4-4BA1-8D12-10DEC8EAB85D}"
EndProject
Project("{FAE04EC0-301F-11D3-BF4B-00C04F79EFBC}") = "EventBus.Messages", "..\BuildingBlocks\EventBus.Messages\EventBus.Messages.csproj", "{B5C1922F-94AE-4066-B084-6BCF9227C22A}"
EndProject
Global
	GlobalSection(SolutionConfigurationPlatforms) = preSolution
		Debug|Any CPU = Debug|Any CPU
		Release|Any CPU = Release|Any CPU
	EndGlobalSection
	GlobalSection(ProjectConfigurationPlatforms) = postSolution
		{4E66E91A-6905-4EF1-9481-17EE8798A429}.Debug|Any CPU.ActiveCfg = Debug|Any CPU
		{4E66E91A-6905-4EF1-9481-17EE8798A429}.Debug|Any CPU.Build.0 = Debug|Any CPU
		{4E66E91A-6905-4EF1-9481-17EE8798A429}.Release|Any CPU.ActiveCfg = Release|Any CPU
		{4E66E91A-6905-4EF1-9481-17EE8798A429}.Release|Any CPU.Build.0 = Release|Any CPU
		{0F109068-FBDA-44D0-B8FD-1238D2DE3476}.Debug|Any CPU.ActiveCfg = Debug|Any CPU
		{0F109068-FBDA-44D0-B8FD-1238D2DE3476}.Debug|Any CPU.Build.0 = Debug|Any CPU
		{0F109068-FBDA-44D0-B8FD-1238D2DE3476}.Release|Any CPU.ActiveCfg = Release|Any CPU
		{0F109068-FBDA-44D0-B8FD-1238D2DE3476}.Release|Any CPU.Build.0 = Release|Any CPU
		{CB7601A8-74FF-4D1D-9B2D-28E47F3C5E8D}.Debug|Any CPU.ActiveCfg = Debug|Any CPU
		{CB7601A8-74FF-4D1D-9B2D-28E47F3C5E8D}.Debug|Any CPU.Build.0 = Debug|Any CPU
		{CB7601A8-74FF-4D1D-9B2D-28E47F3C5E8D}.Release|Any CPU.ActiveCfg = Release|Any CPU
		{CB7601A8-74FF-4D1D-9B2D-28E47F3C5E8D}.Release|Any CPU.Build.0 = Release|Any CPU
		{00DC1FFB-9683-47FC-9E56-C9ACF9D2AF55}.Debug|Any CPU.ActiveCfg = Debug|Any CPU
		{00DC1FFB-9683-47FC-9E56-C9ACF9D2AF55}.Debug|Any CPU.Build.0 = Debug|Any CPU
		{00DC1FFB-9683-47FC-9E56-C9ACF9D2AF55}.Release|Any CPU.ActiveCfg = Release|Any CPU
		{00DC1FFB-9683-47FC-9E56-C9ACF9D2AF55}.Release|Any CPU.Build.0 = Release|Any CPU
		{935B43F9-CFE5-4356-AB77-23BEF89BEBE8}.Debug|Any CPU.ActiveCfg = Debug|Any CPU
		{935B43F9-CFE5-4356-AB77-23BEF89BEBE8}.Debug|Any CPU.Build.0 = Debug|Any CPU
		{935B43F9-CFE5-4356-AB77-23BEF89BEBE8}.Release|Any CPU.ActiveCfg = Release|Any CPU
		{935B43F9-CFE5-4356-AB77-23BEF89BEBE8}.Release|Any CPU.Build.0 = Release|Any CPU
		{621CC05F-909A-4BBC-A5B0-E15338BA84AE}.Debug|Any CPU.ActiveCfg = Debug|Any CPU
		{621CC05F-909A-4BBC-A5B0-E15338BA84AE}.Debug|Any CPU.Build.0 = Debug|Any CPU
		{621CC05F-909A-4BBC-A5B0-E15338BA84AE}.Release|Any CPU.ActiveCfg = Release|Any CPU
		{621CC05F-909A-4BBC-A5B0-E15338BA84AE}.Release|Any CPU.Build.0 = Release|Any CPU
		{8A977E33-00E5-4075-8CDC-CE7916D416CE}.Debug|Any CPU.ActiveCfg = Debug|Any CPU
		{8A977E33-00E5-4075-8CDC-CE7916D416CE}.Debug|Any CPU.Build.0 = Debug|Any CPU
		{8A977E33-00E5-4075-8CDC-CE7916D416CE}.Release|Any CPU.ActiveCfg = Release|Any CPU
		{8A977E33-00E5-4075-8CDC-CE7916D416CE}.Release|Any CPU.Build.0 = Release|Any CPU
		{CED5729B-F23E-447E-8DE4-DC8BF05803C0}.Debug|Any CPU.ActiveCfg = Debug|Any CPU
		{CED5729B-F23E-447E-8DE4-DC8BF05803C0}.Debug|Any CPU.Build.0 = Debug|Any CPU
		{CED5729B-F23E-447E-8DE4-DC8BF05803C0}.Release|Any CPU.ActiveCfg = Release|Any CPU
		{CED5729B-F23E-447E-8DE4-DC8BF05803C0}.Release|Any CPU.Build.0 = Release|Any CPU
		{FE7FD4A2-1C9B-4738-B7C6-1B9EC3D1C14D}.Debug|Any CPU.ActiveCfg = Debug|Any CPU
		{FE7FD4A2-1C9B-4738-B7C6-1B9EC3D1C14D}.Debug|Any CPU.Build.0 = Debug|Any CPU
		{FE7FD4A2-1C9B-4738-B7C6-1B9EC3D1C14D}.Release|Any CPU.ActiveCfg = Release|Any CPU
		{FE7FD4A2-1C9B-4738-B7C6-1B9EC3D1C14D}.Release|Any CPU.Build.0 = Release|Any CPU
		{B5C1922F-94AE-4066-B084-6BCF9227C22A}.Debug|Any CPU.ActiveCfg = Debug|Any CPU
		{B5C1922F-94AE-4066-B084-6BCF9227C22A}.Debug|Any CPU.Build.0 = Debug|Any CPU
		{B5C1922F-94AE-4066-B084-6BCF9227C22A}.Release|Any CPU.ActiveCfg = Release|Any CPU
		{B5C1922F-94AE-4066-B084-6BCF9227C22A}.Release|Any CPU.Build.0 = Release|Any CPU
	EndGlobalSection
	GlobalSection(SolutionProperties) = preSolution
		HideSolutionNode = FALSE
	EndGlobalSection
	GlobalSection(NestedProjects) = preSolution
		{00127179-6A4B-4C1C-BEF5-89ECEB7B6F60} = {6B16256D-2000-403E-B443-DD82CEA32BD3}
		{4E66E91A-6905-4EF1-9481-17EE8798A429} = {00127179-6A4B-4C1C-BEF5-89ECEB7B6F60}
		{F3DD609A-C80E-4E56-B4DA-E11D5443A7F2} = {6B16256D-2000-403E-B443-DD82CEA32BD3}
		{CB7601A8-74FF-4D1D-9B2D-28E47F3C5E8D} = {F3DD609A-C80E-4E56-B4DA-E11D5443A7F2}
		{59AE924E-813B-4FD5-AB2B-D2F711A2126F} = {6B16256D-2000-403E-B443-DD82CEA32BD3}
		{00DC1FFB-9683-47FC-9E56-C9ACF9D2AF55} = {59AE924E-813B-4FD5-AB2B-D2F711A2126F}
		{935B43F9-CFE5-4356-AB77-23BEF89BEBE8} = {59AE924E-813B-4FD5-AB2B-D2F711A2126F}
		{8A97F2BF-E647-45DE-A44E-83805A0CF7B0} = {6B16256D-2000-403E-B443-DD82CEA32BD3}
		{621CC05F-909A-4BBC-A5B0-E15338BA84AE} = {8A97F2BF-E647-45DE-A44E-83805A0CF7B0}
		{8A977E33-00E5-4075-8CDC-CE7916D416CE} = {8A97F2BF-E647-45DE-A44E-83805A0CF7B0}
		{CED5729B-F23E-447E-8DE4-DC8BF05803C0} = {8A97F2BF-E647-45DE-A44E-83805A0CF7B0}
		{FE7FD4A2-1C9B-4738-B7C6-1B9EC3D1C14D} = {8A97F2BF-E647-45DE-A44E-83805A0CF7B0}
		{B5C1922F-94AE-4066-B084-6BCF9227C22A} = {61C4E1A5-33B4-4BA1-8D12-10DEC8EAB85D}
	EndGlobalSection
	GlobalSection(ExtensibilityGlobals) = postSolution
		SolutionGuid = {ED9A6AFA-AD5B-4E06-8B3F-17D047631CF2}
	EndGlobalSection
EndGlobal
